
Microsoft Visual Studio Solution File, Format Version 12.00
# Visual Studio Version 17
VisualStudioVersion = 17.11.35327.3
MinimumVisualStudioVersion = 10.0.40219.1
Project("{2150E333-8FDC-42A3-9474-1A3956D46DE8}") = "01 Web", "01 Web", "{EC7663EB-470A-4630-97D4-A615F838E30E}"
EndProject
Project("{2150E333-8FDC-42A3-9474-1A3956D46DE8}") = "02 Service", "02 Service", "{170D7374-2E98-4FCF-819D-C5A70A79A686}"
EndProject
Project("{2150E333-8FDC-42A3-9474-1A3956D46DE8}") = "03 Logic", "03 Logic", "{2CA7213F-E2CB-4592-ABFA-508DACE1B1A4}"
EndProject
Project("{2150E333-8FDC-42A3-9474-1A3956D46DE8}") = "04 Data", "04 Data", "{9C5971B8-D565-42C0-98F9-7032A88EE46A}"
EndProject
Project("{2150E333-8FDC-42A3-9474-1A3956D46DE8}") = "05 Shared", "05 Shared", "{25E76C30-D293-42D7-9043-6D1ADF718ECB}"
EndProject
Project("{9A19103F-16F7-4668-BE54-9A1E7A4F7556}") = "Web.Core", "Web.Core\Web.Core.csproj", "{DFBC8AE8-048C-41A4-A47D-A52E91A94E2A}"
EndProject
Project("{9A19103F-16F7-4668-BE54-9A1E7A4F7556}") = "Data.Identity", "Data.Identity\Data.Identity.csproj", "{A50A60E2-8203-41F8-A9DF-45A2354071A5}"
EndProject
Project("{9A19103F-16F7-4668-BE54-9A1E7A4F7556}") = "Service.Api", "Service.Api\Service.Api.csproj", "{85217A86-CB11-459E-B586-21E040873743}"
EndProject
Project("{9A19103F-16F7-4668-BE54-9A1E7A4F7556}") = "Logic.Shared", "Logic.Shared\Logic.Shared.csproj", "{8F17CFCE-9FDB-4DC7-9DDD-6A8075A3CF3B}"
EndProject
Project("{9A19103F-16F7-4668-BE54-9A1E7A4F7556}") = "Web.React", "Web.React\Web.React.csproj", "{DB159A8C-337A-4031-AF0A-33338ABA3CFE}"
EndProject
Project("{9A19103F-16F7-4668-BE54-9A1E7A4F7556}") = "Data.Shared", "Data.Shared\Data.Shared.csproj", "{CC5F56C1-4085-4B87-A586-4C91453FECD4}"
EndProject
Project("{9A19103F-16F7-4668-BE54-9A1E7A4F7556}") = "Shared.Enums", "Shared.Enums\Shared.Enums.csproj", "{C11729AB-C0F6-49EA-BDC6-6FF2B9B29F9A}"
EndProject
Project("{9A19103F-16F7-4668-BE54-9A1E7A4F7556}") = "Logic.Identity", "Logic.Identity\Logic.Identity.csproj", "{78CACAF8-21AA-4C3C-962B-2FC0C461C498}"
EndProject
Project("{9A19103F-16F7-4668-BE54-9A1E7A4F7556}") = "Data.ContextAccessor", "Data.IdentityContextAccessor\Data.ContextAccessor.csproj", "{F64DA913-2D46-4795-8FDA-98AB2A13B5E5}"
EndProject
Project("{9A19103F-16F7-4668-BE54-9A1E7A4F7556}") = "Shared.Models", "Shared.Models\Shared.Models.csproj", "{D394067E-4780-4110-8A33-279C01E100EE}"
EndProject
Project("{9A19103F-16F7-4668-BE54-9A1E7A4F7556}") = "Data.AppContext", "Data.AppContext\Data.AppContext.csproj", "{75672113-BAC7-499A-8105-6BEAC189639D}"
EndProject
Project("{9A19103F-16F7-4668-BE54-9A1E7A4F7556}") = "Logic.Administration", "Logic.Administration\Logic.Administration.csproj", "{88757383-709C-49FB-A17B-C5F8CD409183}"
EndProject
Project("{9A19103F-16F7-4668-BE54-9A1E7A4F7556}") = "Logic.Settings", "Logic.Settings\Logic.Settings.csproj", "{0FEB06B4-C779-4F6E-B578-CF350A4192C8}"
EndProject
Project("{FAE04EC0-301F-11D3-BF4B-00C04F79EFBC}") = "Data.Resources", "Data.Resources\Data.Resources.csproj", "{4C38E811-08CB-46EB-914A-0103AD423C83}"
EndProject
Global
	GlobalSection(SolutionConfigurationPlatforms) = preSolution
		Debug|Any CPU = Debug|Any CPU
		Release|Any CPU = Release|Any CPU
	EndGlobalSection
	GlobalSection(ProjectConfigurationPlatforms) = postSolution
		{DFBC8AE8-048C-41A4-A47D-A52E91A94E2A}.Debug|Any CPU.ActiveCfg = Debug|Any CPU
		{DFBC8AE8-048C-41A4-A47D-A52E91A94E2A}.Debug|Any CPU.Build.0 = Debug|Any CPU
		{DFBC8AE8-048C-41A4-A47D-A52E91A94E2A}.Release|Any CPU.ActiveCfg = Release|Any CPU
		{DFBC8AE8-048C-41A4-A47D-A52E91A94E2A}.Release|Any CPU.Build.0 = Release|Any CPU
		{A50A60E2-8203-41F8-A9DF-45A2354071A5}.Debug|Any CPU.ActiveCfg = Debug|Any CPU
		{A50A60E2-8203-41F8-A9DF-45A2354071A5}.Debug|Any CPU.Build.0 = Debug|Any CPU
		{A50A60E2-8203-41F8-A9DF-45A2354071A5}.Release|Any CPU.ActiveCfg = Release|Any CPU
		{A50A60E2-8203-41F8-A9DF-45A2354071A5}.Release|Any CPU.Build.0 = Release|Any CPU
		{85217A86-CB11-459E-B586-21E040873743}.Debug|Any CPU.ActiveCfg = Debug|Any CPU
		{85217A86-CB11-459E-B586-21E040873743}.Debug|Any CPU.Build.0 = Debug|Any CPU
		{85217A86-CB11-459E-B586-21E040873743}.Release|Any CPU.ActiveCfg = Release|Any CPU
		{85217A86-CB11-459E-B586-21E040873743}.Release|Any CPU.Build.0 = Release|Any CPU
		{8F17CFCE-9FDB-4DC7-9DDD-6A8075A3CF3B}.Debug|Any CPU.ActiveCfg = Debug|Any CPU
		{8F17CFCE-9FDB-4DC7-9DDD-6A8075A3CF3B}.Debug|Any CPU.Build.0 = Debug|Any CPU
		{8F17CFCE-9FDB-4DC7-9DDD-6A8075A3CF3B}.Release|Any CPU.ActiveCfg = Release|Any CPU
		{8F17CFCE-9FDB-4DC7-9DDD-6A8075A3CF3B}.Release|Any CPU.Build.0 = Release|Any CPU
		{DB159A8C-337A-4031-AF0A-33338ABA3CFE}.Debug|Any CPU.ActiveCfg = Debug|Any CPU
		{DB159A8C-337A-4031-AF0A-33338ABA3CFE}.Debug|Any CPU.Build.0 = Debug|Any CPU
		{DB159A8C-337A-4031-AF0A-33338ABA3CFE}.Release|Any CPU.ActiveCfg = Release|Any CPU
		{DB159A8C-337A-4031-AF0A-33338ABA3CFE}.Release|Any CPU.Build.0 = Release|Any CPU
		{CC5F56C1-4085-4B87-A586-4C91453FECD4}.Debug|Any CPU.ActiveCfg = Debug|Any CPU
		{CC5F56C1-4085-4B87-A586-4C91453FECD4}.Debug|Any CPU.Build.0 = Debug|Any CPU
		{CC5F56C1-4085-4B87-A586-4C91453FECD4}.Release|Any CPU.ActiveCfg = Release|Any CPU
		{CC5F56C1-4085-4B87-A586-4C91453FECD4}.Release|Any CPU.Build.0 = Release|Any CPU
		{C11729AB-C0F6-49EA-BDC6-6FF2B9B29F9A}.Debug|Any CPU.ActiveCfg = Debug|Any CPU
		{C11729AB-C0F6-49EA-BDC6-6FF2B9B29F9A}.Debug|Any CPU.Build.0 = Debug|Any CPU
		{C11729AB-C0F6-49EA-BDC6-6FF2B9B29F9A}.Release|Any CPU.ActiveCfg = Release|Any CPU
		{C11729AB-C0F6-49EA-BDC6-6FF2B9B29F9A}.Release|Any CPU.Build.0 = Release|Any CPU
		{78CACAF8-21AA-4C3C-962B-2FC0C461C498}.Debug|Any CPU.ActiveCfg = Debug|Any CPU
		{78CACAF8-21AA-4C3C-962B-2FC0C461C498}.Debug|Any CPU.Build.0 = Debug|Any CPU
		{78CACAF8-21AA-4C3C-962B-2FC0C461C498}.Release|Any CPU.ActiveCfg = Release|Any CPU
		{78CACAF8-21AA-4C3C-962B-2FC0C461C498}.Release|Any CPU.Build.0 = Release|Any CPU
		{F64DA913-2D46-4795-8FDA-98AB2A13B5E5}.Debug|Any CPU.ActiveCfg = Debug|Any CPU
		{F64DA913-2D46-4795-8FDA-98AB2A13B5E5}.Debug|Any CPU.Build.0 = Debug|Any CPU
		{F64DA913-2D46-4795-8FDA-98AB2A13B5E5}.Release|Any CPU.ActiveCfg = Release|Any CPU
		{F64DA913-2D46-4795-8FDA-98AB2A13B5E5}.Release|Any CPU.Build.0 = Release|Any CPU
		{D394067E-4780-4110-8A33-279C01E100EE}.Debug|Any CPU.ActiveCfg = Debug|Any CPU
		{D394067E-4780-4110-8A33-279C01E100EE}.Debug|Any CPU.Build.0 = Debug|Any CPU
		{D394067E-4780-4110-8A33-279C01E100EE}.Release|Any CPU.ActiveCfg = Release|Any CPU
		{D394067E-4780-4110-8A33-279C01E100EE}.Release|Any CPU.Build.0 = Release|Any CPU
		{75672113-BAC7-499A-8105-6BEAC189639D}.Debug|Any CPU.ActiveCfg = Debug|Any CPU
		{75672113-BAC7-499A-8105-6BEAC189639D}.Debug|Any CPU.Build.0 = Debug|Any CPU
		{75672113-BAC7-499A-8105-6BEAC189639D}.Release|Any CPU.ActiveCfg = Release|Any CPU
		{75672113-BAC7-499A-8105-6BEAC189639D}.Release|Any CPU.Build.0 = Release|Any CPU
		{88757383-709C-49FB-A17B-C5F8CD409183}.Debug|Any CPU.ActiveCfg = Debug|Any CPU
		{88757383-709C-49FB-A17B-C5F8CD409183}.Debug|Any CPU.Build.0 = Debug|Any CPU
		{88757383-709C-49FB-A17B-C5F8CD409183}.Release|Any CPU.ActiveCfg = Release|Any CPU
		{88757383-709C-49FB-A17B-C5F8CD409183}.Release|Any CPU.Build.0 = Release|Any CPU
		{0FEB06B4-C779-4F6E-B578-CF350A4192C8}.Debug|Any CPU.ActiveCfg = Debug|Any CPU
		{0FEB06B4-C779-4F6E-B578-CF350A4192C8}.Debug|Any CPU.Build.0 = Debug|Any CPU
		{0FEB06B4-C779-4F6E-B578-CF350A4192C8}.Release|Any CPU.ActiveCfg = Release|Any CPU
		{0FEB06B4-C779-4F6E-B578-CF350A4192C8}.Release|Any CPU.Build.0 = Release|Any CPU
		{4C38E811-08CB-46EB-914A-0103AD423C83}.Debug|Any CPU.ActiveCfg = Debug|Any CPU
		{4C38E811-08CB-46EB-914A-0103AD423C83}.Debug|Any CPU.Build.0 = Debug|Any CPU
		{4C38E811-08CB-46EB-914A-0103AD423C83}.Release|Any CPU.ActiveCfg = Release|Any CPU
		{4C38E811-08CB-46EB-914A-0103AD423C83}.Release|Any CPU.Build.0 = Release|Any CPU
	EndGlobalSection
	GlobalSection(SolutionProperties) = preSolution
		HideSolutionNode = FALSE
	EndGlobalSection
	GlobalSection(NestedProjects) = preSolution
		{DFBC8AE8-048C-41A4-A47D-A52E91A94E2A} = {EC7663EB-470A-4630-97D4-A615F838E30E}
		{A50A60E2-8203-41F8-A9DF-45A2354071A5} = {9C5971B8-D565-42C0-98F9-7032A88EE46A}
		{85217A86-CB11-459E-B586-21E040873743} = {170D7374-2E98-4FCF-819D-C5A70A79A686}
		{8F17CFCE-9FDB-4DC7-9DDD-6A8075A3CF3B} = {2CA7213F-E2CB-4592-ABFA-508DACE1B1A4}
		{DB159A8C-337A-4031-AF0A-33338ABA3CFE} = {EC7663EB-470A-4630-97D4-A615F838E30E}
		{CC5F56C1-4085-4B87-A586-4C91453FECD4} = {9C5971B8-D565-42C0-98F9-7032A88EE46A}
		{C11729AB-C0F6-49EA-BDC6-6FF2B9B29F9A} = {25E76C30-D293-42D7-9043-6D1ADF718ECB}
		{78CACAF8-21AA-4C3C-962B-2FC0C461C498} = {2CA7213F-E2CB-4592-ABFA-508DACE1B1A4}
		{F64DA913-2D46-4795-8FDA-98AB2A13B5E5} = {9C5971B8-D565-42C0-98F9-7032A88EE46A}
		{D394067E-4780-4110-8A33-279C01E100EE} = {25E76C30-D293-42D7-9043-6D1ADF718ECB}
		{75672113-BAC7-499A-8105-6BEAC189639D} = {9C5971B8-D565-42C0-98F9-7032A88EE46A}
		{88757383-709C-49FB-A17B-C5F8CD409183} = {2CA7213F-E2CB-4592-ABFA-508DACE1B1A4}
		{0FEB06B4-C779-4F6E-B578-CF350A4192C8} = {2CA7213F-E2CB-4592-ABFA-508DACE1B1A4}
		{4C38E811-08CB-46EB-914A-0103AD423C83} = {25E76C30-D293-42D7-9043-6D1ADF718ECB}
	EndGlobalSection
	GlobalSection(ExtensibilityGlobals) = postSolution
		SolutionGuid = {9805E008-BD81-43F0-AD26-5A3514B6E3CC}
	EndGlobalSection
EndGlobal
